# This file is autogenerated, do not edit; changes may be undone by the next 'dep ensure'.


[[projects]]
  branch = "master"
  name = "golang.org/x/crypto"
  packages = ["blake2b"]
  revision = "0fcca4842a8d74bfddc2c96a073bd2a4d2a7a2e8"

[solve-meta]
  analyzer-name = "dep"
  analyzer-version = 1
  inputs-digest = "f7fe9507ab274cef7f7b94906e1fcfb022241e527cc4240f4ff42d8546e9aed9"
  solver-name = "gps-cdcl"
  solver-version = 1
